<?xml version="1.0" encoding="utf-8"?>
<Project ToolsVersion="4.0" xmlns="http://schemas.microsoft.com/developer/msbuild/2003">
  <ItemGroup>
    <Filter Include="소스 파일">
      <UniqueIdentifier>{4FC737F1-C7A5-4376-A066-2A32D752A2FF}</UniqueIdentifier>
      <Extensions>cpp;c;cc;cxx;c++;cppm;ixx;def;odl;idl;hpj;bat;asm;asmx</Extensions>
    </Filter>
    <Filter Include="헤더 파일">
      <UniqueIdentifier>{93995380-89BD-4b04-88EB-625FBE52EBFB}</UniqueIdentifier>
      <Extensions>h;hh;hpp;hxx;h++;hm;inl;inc;ipp;xsd</Extensions>
    </Filter>
    <Filter Include="리소스 파일">
      <UniqueIdentifier>{67DA6AB6-F800-4c08-8B7A-83BB121AAD01}</UniqueIdentifier>
      <Extensions>rc;ico;cur;bmp;dlg;rc2;rct;bin;rgs;gif;jpg;jpeg;jpe;resx;tiff;tif;png;wav;mfcribbon-ms</Extensions>
    </Filter>
    <Filter Include="TitleScene">
      <UniqueIdentifier>{912e2299-49a0-4120-abbc-8990d227181b}</UniqueIdentifier>
    </Filter>
    <Filter Include="StageScene">
      <UniqueIdentifier>{0b21a201-647f-4d3c-8698-cedd353754c4}</UniqueIdentifier>
    </Filter>
    <Filter Include="InGame">
      <UniqueIdentifier>{713ea883-0e07-4bcd-96e0-ebe6e721fbf9}</UniqueIdentifier>
    </Filter>
    <Filter Include="FSM">
      <UniqueIdentifier>{0e440847-8b41-4c99-afb7-6160ca0bf5e1}</UniqueIdentifier>
    </Filter>
    <Filter Include="BossIntro">
      <UniqueIdentifier>{47d75857-4f7d-4cf6-baf1-bf2209399d6e}</UniqueIdentifier>
    </Filter>
  </ItemGroup>
  <ItemGroup>
    <ClCompile Include="Sample.cpp">
      <Filter>소스 파일</Filter>
    </ClCompile>
    <ClCompile Include="Scene.cpp">
      <Filter>소스 파일</Filter>
    </ClCompile>
    <ClCompile Include="TextLoader.cpp">
      <Filter>소스 파일</Filter>
    </ClCompile>
    <ClCompile Include="FadeInOut.cpp">
      <Filter>소스 파일</Filter>
    </ClCompile>
    <ClCompile Include="Effect.cpp">
      <Filter>소스 파일</Filter>
    </ClCompile>
    <ClCompile Include="BossIntro\BossImage.cpp">
      <Filter>BossIntro</Filter>
    </ClCompile>
    <ClCompile Include="BossIntro\BossIntroScene.cpp">
      <Filter>BossIntro</Filter>
    </ClCompile>
    <ClCompile Include="BossIntro\IntroBackGround.cpp">
      <Filter>BossIntro</Filter>
    </ClCompile>
    <ClCompile Include="FSM\AirDashState.cpp">
      <Filter>FSM</Filter>
    </ClCompile>
    <ClCompile Include="FSM\CrouchState.cpp">
      <Filter>FSM</Filter>
    </ClCompile>
    <ClCompile Include="FSM\DashState.cpp">
      <Filter>FSM</Filter>
    </ClCompile>
    <ClCompile Include="FSM\DeathState.cpp">
      <Filter>FSM</Filter>
    </ClCompile>
    <ClCompile Include="FSM\HitState.cpp">
      <Filter>FSM</Filter>
    </ClCompile>
    <ClCompile Include="FSM\IdleState.cpp">
      <Filter>FSM</Filter>
    </ClCompile>
    <ClCompile Include="FSM\IntroIdle.cpp">
      <Filter>FSM</Filter>
    </ClCompile>
    <ClCompile Include="FSM\IntroWalkState.cpp">
      <Filter>FSM</Filter>
    </ClCompile>
    <ClCompile Include="FSM\JumpState.cpp">
      <Filter>FSM</Filter>
    </ClCompile>
    <ClCompile Include="FSM\ShootState.cpp">
      <Filter>FSM</Filter>
    </ClCompile>
    <ClCompile Include="FSM\State.cpp">
      <Filter>FSM</Filter>
    </ClCompile>
    <ClCompile Include="FSM\WalkState.cpp">
      <Filter>FSM</Filter>
    </ClCompile>
    <ClCompile Include="FSM\WallClingState.cpp">
      <Filter>FSM</Filter>
    </ClCompile>
    <ClCompile Include="FSM\WinState.cpp">
      <Filter>FSM</Filter>
    </ClCompile>
    <ClCompile Include="InGame\Boss.cpp">
      <Filter>InGame</Filter>
    </ClCompile>
    <ClCompile Include="InGame\BossBullet.cpp">
      <Filter>InGame</Filter>
    </ClCompile>
    <ClCompile Include="InGame\Bullet.cpp">
      <Filter>InGame</Filter>
    </ClCompile>
    <ClCompile Include="InGame\HealthBar.cpp">
      <Filter>InGame</Filter>
    </ClCompile>
    <ClCompile Include="InGame\InGame.cpp">
      <Filter>InGame</Filter>
    </ClCompile>
    <ClCompile Include="InGame\InGameBackGround.cpp">
      <Filter>InGame</Filter>
    </ClCompile>
    <ClCompile Include="InGame\IntroText.cpp">
      <Filter>InGame</Filter>
    </ClCompile>
    <ClCompile Include="InGame\Laser.cpp">
      <Filter>InGame</Filter>
    </ClCompile>
    <ClCompile Include="InGame\Player.cpp">
      <Filter>InGame</Filter>
    </ClCompile>
    <ClCompile Include="InGame\Wall.cpp">
      <Filter>InGame</Filter>
    </ClCompile>
    <ClCompile Include="StageScene\StageScene.cpp">
      <Filter>StageScene</Filter>
    </ClCompile>
    <ClCompile Include="StageScene\StageSelect.cpp">
      <Filter>StageScene</Filter>
    </ClCompile>
    <ClCompile Include="StageScene\StageUI.cpp">
      <Filter>StageScene</Filter>
    </ClCompile>
    <ClCompile Include="TitleScene\Title.cpp">
      <Filter>TitleScene</Filter>
    </ClCompile>
    <ClCompile Include="TitleScene\TitleScene.cpp">
      <Filter>TitleScene</Filter>
    </ClCompile>
    <ClCompile Include="TitleScene\TitleUI.cpp">
      <Filter>TitleScene</Filter>
    </ClCompile>
  </ItemGroup>
  <ItemGroup>
    <ClInclude Include="Sample.h">
      <Filter>헤더 파일</Filter>
    </ClInclude>
    <ClInclude Include="Scene.h">
      <Filter>헤더 파일</Filter>
    </ClInclude>
    <ClInclude Include="TextLoader.h">
      <Filter>헤더 파일</Filter>
    </ClInclude>
    <ClInclude Include="FadeInOut.h">
      <Filter>헤더 파일</Filter>
    </ClInclude>
    <ClInclude Include="Effect.h">
      <Filter>헤더 파일</Filter>
    </ClInclude>
    <ClInclude Include="BossIntro\BossImage.h">
      <Filter>BossIntro</Filter>
    </ClInclude>
    <ClInclude Include="BossIntro\BossIntroScene.h">
      <Filter>BossIntro</Filter>
    </ClInclude>
    <ClInclude Include="BossIntro\IntroBackGround.h">
      <Filter>BossIntro</Filter>
    </ClInclude>
    <ClInclude Include="FSM\AirDashState.h">
      <Filter>FSM</Filter>
    </ClInclude>
    <ClInclude Include="FSM\CrouchState.h">
      <Filter>FSM</Filter>
    </ClInclude>
    <ClInclude Include="FSM\DashState.h">
      <Filter>FSM</Filter>
    </ClInclude>
    <ClInclude Include="FSM\DeathState.h">
      <Filter>FSM</Filter>
    </ClInclude>
    <ClInclude Include="FSM\HitState.h">
      <Filter>FSM</Filter>
    </ClInclude>
    <ClInclude Include="FSM\IdleState.h">
      <Filter>FSM</Filter>
    </ClInclude>
    <ClInclude Include="FSM\IntroIdle.h">
      <Filter>FSM</Filter>
    </ClInclude>
    <ClInclude Include="FSM\IntroWalkState.h">
      <Filter>FSM</Filter>
    </ClInclude>
    <ClInclude Include="FSM\JumpState.h">
      <Filter>FSM</Filter>
    </ClInclude>
    <ClInclude Include="FSM\ShootState.h">
      <Filter>FSM</Filter>
    </ClInclude>
    <ClInclude Include="FSM\State.h">
      <Filter>FSM</Filter>
    </ClInclude>
    <ClInclude Include="FSM\WalkState.h">
      <Filter>FSM</Filter>
    </ClInclude>
    <ClInclude Include="FSM\WallClingState.h">
      <Filter>FSM</Filter>
    </ClInclude>
    <ClInclude Include="FSM\WinState.h">
      <Filter>FSM</Filter>
    </ClInclude>
    <ClInclude Include="InGame\Boss.h">
      <Filter>InGame</Filter>
    </ClInclude>
    <ClInclude Include="InGame\BossBullet.h">
      <Filter>InGame</Filter>
    </ClInclude>
    <ClInclude Include="InGame\Bullet.h">
      <Filter>InGame</Filter>
    </ClInclude>
    <ClInclude Include="InGame\HealthBar.h">
      <Filter>InGame</Filter>
    </ClInclude>
    <ClInclude Include="InGame\InGame.h">
      <Filter>InGame</Filter>
    </ClInclude>
    <ClInclude Include="InGame\InGameBackGround.h">
      <Filter>InGame</Filter>
    </ClInclude>
    <ClInclude Include="InGame\IntroText.h">
      <Filter>InGame</Filter>
    </ClInclude>
    <ClInclude Include="InGame\Laser.h">
      <Filter>InGame</Filter>
    </ClInclude>
    <ClInclude Include="InGame\Player.h">
      <Filter>InGame</Filter>
    </ClInclude>
    <ClInclude Include="InGame\Wall.h">
      <Filter>InGame</Filter>
    </ClInclude>
    <ClInclude Include="StageScene\StageScene.h">
      <Filter>StageScene</Filter>
    </ClInclude>
    <ClInclude Include="StageScene\StageSelect.h">
      <Filter>StageScene</Filter>
    </ClInclude>
    <ClInclude Include="StageScene\StageUI.h">
      <Filter>StageScene</Filter>
    </ClInclude>
    <ClInclude Include="TitleScene\Title.h">
      <Filter>TitleScene</Filter>
    </ClInclude>
    <ClInclude Include="TitleScene\TitleScene.h">
      <Filter>TitleScene</Filter>
    </ClInclude>
    <ClInclude Include="TitleScene\TitleUI.h">
      <Filter>TitleScene</Filter>
    </ClInclude>
  </ItemGroup>
</Project>